// !$*UTF8*$!
{
	archiveVersion = 1;
	classes = {
	};
	objectVersion = 51;
	objects = {

/* Begin PBXBuildFile section */
		463EBFA324EA97E300FE79CC /* AppDelegate.swift in Sources */ = {isa = PBXBuildFile; fileRef = 463EBFA224EA97E300FE79CC /* AppDelegate.swift */; };
		463EBFA524EA97E300FE79CC /* SceneDelegate.swift in Sources */ = {isa = PBXBuildFile; fileRef = 463EBFA424EA97E300FE79CC /* SceneDelegate.swift */; };
		463EBFAC24EA97E600FE79CC /* Assets.xcassets in Resources */ = {isa = PBXBuildFile; fileRef = 463EBFAB24EA97E600FE79CC /* Assets.xcassets */; };
		463EBFAF24EA97E600FE79CC /* LaunchScreen.storyboard in Resources */ = {isa = PBXBuildFile; fileRef = 463EBFAD24EA97E600FE79CC /* LaunchScreen.storyboard */; };
		463EBFBA24EA97E600FE79CC /* Car_Sevice_Manager_AppTests.swift in Sources */ = {isa = PBXBuildFile; fileRef = 463EBFB924EA97E600FE79CC /* Car_Sevice_Manager_AppTests.swift */; };
		463EBFC524EA983D00FE79CC /* UsersVC.swift in Sources */ = {isa = PBXBuildFile; fileRef = 463EBFC424EA983D00FE79CC /* UsersVC.swift */; };
		463EBFC724EA984900FE79CC /* CarsVC.swift in Sources */ = {isa = PBXBuildFile; fileRef = 463EBFC624EA984900FE79CC /* CarsVC.swift */; };
		463EBFC924EA985700FE79CC /* AppointmentsVC.swift in Sources */ = {isa = PBXBuildFile; fileRef = 463EBFC824EA985700FE79CC /* AppointmentsVC.swift */; };
		463EBFCB24EA9CCB00FE79CC /* CSATabBarController.swift in Sources */ = {isa = PBXBuildFile; fileRef = 463EBFCA24EA9CCB00FE79CC /* CSATabBarController.swift */; };
		463EBFCD24EA9DC800FE79CC /* Constants.swift in Sources */ = {isa = PBXBuildFile; fileRef = 463EBFCC24EA9DC800FE79CC /* Constants.swift */; };
		46AE492E24EBC1E2003E9EE2 /* UserCell.swift in Sources */ = {isa = PBXBuildFile; fileRef = 46AE492D24EBC1E2003E9EE2 /* UserCell.swift */; };
		46AE493024EBC1EE003E9EE2 /* CarCell.swift in Sources */ = {isa = PBXBuildFile; fileRef = 46AE492F24EBC1EE003E9EE2 /* CarCell.swift */; };
		46AE493224EBC1FC003E9EE2 /* AppointmentCell.swift in Sources */ = {isa = PBXBuildFile; fileRef = 46AE493124EBC1FC003E9EE2 /* AppointmentCell.swift */; };
		46AE493524EBC2CC003E9EE2 /* CSATitleLabel.swift in Sources */ = {isa = PBXBuildFile; fileRef = 46AE493424EBC2CC003E9EE2 /* CSATitleLabel.swift */; };
		46AE493724EBC2FB003E9EE2 /* CSASecondaryLabel.swift in Sources */ = {isa = PBXBuildFile; fileRef = 46AE493624EBC2FB003E9EE2 /* CSASecondaryLabel.swift */; };
		46AE493924EBC5DE003E9EE2 /* User.swift in Sources */ = {isa = PBXBuildFile; fileRef = 46AE493824EBC5DE003E9EE2 /* User.swift */; };
		46AE493B24EBC62A003E9EE2 /* FirestoreManager.swift in Sources */ = {isa = PBXBuildFile; fileRef = 46AE493A24EBC62A003E9EE2 /* FirestoreManager.swift */; };
		46AE493D24EBC84F003E9EE2 /* GoogleService-Info.plist in Resources */ = {isa = PBXBuildFile; fileRef = 46AE493C24EBC84F003E9EE2 /* GoogleService-Info.plist */; };
		46AE493F24EBCA08003E9EE2 /* UIViewControler+Ext.swift in Sources */ = {isa = PBXBuildFile; fileRef = 46AE493E24EBCA08003E9EE2 /* UIViewControler+Ext.swift */; };
		46AE494124EBD7F3003E9EE2 /* Car.swift in Sources */ = {isa = PBXBuildFile; fileRef = 46AE494024EBD7F3003E9EE2 /* Car.swift */; };
		46AE494424EBDC93003E9EE2 /* CSAFootnoteLabel.swift in Sources */ = {isa = PBXBuildFile; fileRef = 46AE494324EBDC93003E9EE2 /* CSAFootnoteLabel.swift */; };
		4DBA40E1C3091579E74773B5 /* Pods_Car_Sevice_Manager_AppTests.framework in Frameworks */ = {isa = PBXBuildFile; fileRef = AA0B3F8EB3D763E4275177DC /* Pods_Car_Sevice_Manager_AppTests.framework */; };
		9CBB5AFCE3F92FEC87314C49 /* Pods_Car_Sevice_Manager_App.framework in Frameworks */ = {isa = PBXBuildFile; fileRef = 39DE7AE90ECD3CCFA1D8B516 /* Pods_Car_Sevice_Manager_App.framework */; };
/* End PBXBuildFile section */

/* Begin PBXContainerItemProxy section */
		463EBFB624EA97E600FE79CC /* PBXContainerItemProxy */ = {
			isa = PBXContainerItemProxy;
			containerPortal = 463EBF9724EA97E300FE79CC /* Project object */;
			proxyType = 1;
			remoteGlobalIDString = 463EBF9E24EA97E300FE79CC;
			remoteInfo = "Car Sevice Manager App";
		};
/* End PBXContainerItemProxy section */

/* Begin PBXFileReference section */
		09F65ECB981BB942BBA40E35 /* Pods-Car Sevice Manager AppTests.release.xcconfig */ = {isa = PBXFileReference; includeInIndex = 1; lastKnownFileType = text.xcconfig; name = "Pods-Car Sevice Manager AppTests.release.xcconfig"; path = "Target Support Files/Pods-Car Sevice Manager AppTests/Pods-Car Sevice Manager AppTests.release.xcconfig"; sourceTree = "<group>"; };
		11B85BF8881297C3DAC953B6 /* Pods-Car Sevice Manager App.debug.xcconfig */ = {isa = PBXFileReference; includeInIndex = 1; lastKnownFileType = text.xcconfig; name = "Pods-Car Sevice Manager App.debug.xcconfig"; path = "Target Support Files/Pods-Car Sevice Manager App/Pods-Car Sevice Manager App.debug.xcconfig"; sourceTree = "<group>"; };
		39DE7AE90ECD3CCFA1D8B516 /* Pods_Car_Sevice_Manager_App.framework */ = {isa = PBXFileReference; explicitFileType = wrapper.framework; includeInIndex = 0; path = Pods_Car_Sevice_Manager_App.framework; sourceTree = BUILT_PRODUCTS_DIR; };
		463EBF9F24EA97E300FE79CC /* Car Sevice Manager App.app */ = {isa = PBXFileReference; explicitFileType = wrapper.application; includeInIndex = 0; path = "Car Sevice Manager App.app"; sourceTree = BUILT_PRODUCTS_DIR; };
		463EBFA224EA97E300FE79CC /* AppDelegate.swift */ = {isa = PBXFileReference; lastKnownFileType = sourcecode.swift; path = AppDelegate.swift; sourceTree = "<group>"; };
		463EBFA424EA97E300FE79CC /* SceneDelegate.swift */ = {isa = PBXFileReference; lastKnownFileType = sourcecode.swift; path = SceneDelegate.swift; sourceTree = "<group>"; };
		463EBFAB24EA97E600FE79CC /* Assets.xcassets */ = {isa = PBXFileReference; lastKnownFileType = folder.assetcatalog; path = Assets.xcassets; sourceTree = "<group>"; };
		463EBFAE24EA97E600FE79CC /* Base */ = {isa = PBXFileReference; lastKnownFileType = file.storyboard; name = Base; path = Base.lproj/LaunchScreen.storyboard; sourceTree = "<group>"; };
		463EBFB024EA97E600FE79CC /* Info.plist */ = {isa = PBXFileReference; lastKnownFileType = text.plist.xml; path = Info.plist; sourceTree = "<group>"; };
		463EBFB524EA97E600FE79CC /* Car Sevice Manager AppTests.xctest */ = {isa = PBXFileReference; explicitFileType = wrapper.cfbundle; includeInIndex = 0; path = "Car Sevice Manager AppTests.xctest"; sourceTree = BUILT_PRODUCTS_DIR; };
		463EBFB924EA97E600FE79CC /* Car_Sevice_Manager_AppTests.swift */ = {isa = PBXFileReference; lastKnownFileType = sourcecode.swift; path = Car_Sevice_Manager_AppTests.swift; sourceTree = "<group>"; };
		463EBFBB24EA97E600FE79CC /* Info.plist */ = {isa = PBXFileReference; lastKnownFileType = text.plist.xml; path = Info.plist; sourceTree = "<group>"; };
		463EBFC424EA983D00FE79CC /* UsersVC.swift */ = {isa = PBXFileReference; lastKnownFileType = sourcecode.swift; path = UsersVC.swift; sourceTree = "<group>"; };
		463EBFC624EA984900FE79CC /* CarsVC.swift */ = {isa = PBXFileReference; lastKnownFileType = sourcecode.swift; path = CarsVC.swift; sourceTree = "<group>"; };
		463EBFC824EA985700FE79CC /* AppointmentsVC.swift */ = {isa = PBXFileReference; lastKnownFileType = sourcecode.swift; path = AppointmentsVC.swift; sourceTree = "<group>"; };
		463EBFCA24EA9CCB00FE79CC /* CSATabBarController.swift */ = {isa = PBXFileReference; lastKnownFileType = sourcecode.swift; path = CSATabBarController.swift; sourceTree = "<group>"; };
		463EBFCC24EA9DC800FE79CC /* Constants.swift */ = {isa = PBXFileReference; lastKnownFileType = sourcecode.swift; path = Constants.swift; sourceTree = "<group>"; };
		46AE492D24EBC1E2003E9EE2 /* UserCell.swift */ = {isa = PBXFileReference; lastKnownFileType = sourcecode.swift; path = UserCell.swift; sourceTree = "<group>"; };
		46AE492F24EBC1EE003E9EE2 /* CarCell.swift */ = {isa = PBXFileReference; lastKnownFileType = sourcecode.swift; path = CarCell.swift; sourceTree = "<group>"; };
		46AE493124EBC1FC003E9EE2 /* AppointmentCell.swift */ = {isa = PBXFileReference; lastKnownFileType = sourcecode.swift; path = "\U0010AppointmentCell.swift"; sourceTree = "<group>"; };
		46AE493424EBC2CC003E9EE2 /* CSATitleLabel.swift */ = {isa = PBXFileReference; lastKnownFileType = sourcecode.swift; path = CSATitleLabel.swift; sourceTree = "<group>"; };
		46AE493624EBC2FB003E9EE2 /* CSASecondaryLabel.swift */ = {isa = PBXFileReference; lastKnownFileType = sourcecode.swift; path = CSASecondaryLabel.swift; sourceTree = "<group>"; };
		46AE493824EBC5DE003E9EE2 /* User.swift */ = {isa = PBXFileReference; lastKnownFileType = sourcecode.swift; path = User.swift; sourceTree = "<group>"; };
		46AE493A24EBC62A003E9EE2 /* FirestoreManager.swift */ = {isa = PBXFileReference; lastKnownFileType = sourcecode.swift; path = FirestoreManager.swift; sourceTree = "<group>"; };
		46AE493C24EBC84F003E9EE2 /* GoogleService-Info.plist */ = {isa = PBXFileReference; fileEncoding = 4; lastKnownFileType = text.plist.xml; path = "GoogleService-Info.plist"; sourceTree = "<group>"; };
		46AE493E24EBCA08003E9EE2 /* UIViewControler+Ext.swift */ = {isa = PBXFileReference; lastKnownFileType = sourcecode.swift; path = "UIViewControler+Ext.swift"; sourceTree = "<group>"; };
		46AE494024EBD7F3003E9EE2 /* Car.swift */ = {isa = PBXFileReference; lastKnownFileType = sourcecode.swift; path = Car.swift; sourceTree = "<group>"; };
		46AE494324EBDC93003E9EE2 /* CSAFootnoteLabel.swift */ = {isa = PBXFileReference; lastKnownFileType = sourcecode.swift; path = CSAFootnoteLabel.swift; sourceTree = "<group>"; };
		491EED5513B8CEA8232D78A8 /* Pods-Car Sevice Manager AppTests.debug.xcconfig */ = {isa = PBXFileReference; includeInIndex = 1; lastKnownFileType = text.xcconfig; name = "Pods-Car Sevice Manager AppTests.debug.xcconfig"; path = "Target Support Files/Pods-Car Sevice Manager AppTests/Pods-Car Sevice Manager AppTests.debug.xcconfig"; sourceTree = "<group>"; };
		AA0B3F8EB3D763E4275177DC /* Pods_Car_Sevice_Manager_AppTests.framework */ = {isa = PBXFileReference; explicitFileType = wrapper.framework; includeInIndex = 0; path = Pods_Car_Sevice_Manager_AppTests.framework; sourceTree = BUILT_PRODUCTS_DIR; };
		E96868043BFCA2D1AEB54082 /* Pods-Car Sevice Manager App.release.xcconfig */ = {isa = PBXFileReference; includeInIndex = 1; lastKnownFileType = text.xcconfig; name = "Pods-Car Sevice Manager App.release.xcconfig"; path = "Target Support Files/Pods-Car Sevice Manager App/Pods-Car Sevice Manager App.release.xcconfig"; sourceTree = "<group>"; };
/* End PBXFileReference section */

/* Begin PBXFrameworksBuildPhase section */
		463EBF9C24EA97E300FE79CC /* Frameworks */ = {
			isa = PBXFrameworksBuildPhase;
			buildActionMask = 2147483647;
			files = (
				9CBB5AFCE3F92FEC87314C49 /* Pods_Car_Sevice_Manager_App.framework in Frameworks */,
			);
			runOnlyForDeploymentPostprocessing = 0;
		};
		463EBFB224EA97E600FE79CC /* Frameworks */ = {
			isa = PBXFrameworksBuildPhase;
			buildActionMask = 2147483647;
			files = (
				4DBA40E1C3091579E74773B5 /* Pods_Car_Sevice_Manager_AppTests.framework in Frameworks */,
			);
			runOnlyForDeploymentPostprocessing = 0;
		};
/* End PBXFrameworksBuildPhase section */

/* Begin PBXGroup section */
		463AE4F524EAA3F4008EE99D /* Screens */ = {
			isa = PBXGroup;
			children = (
				463EBFC424EA983D00FE79CC /* UsersVC.swift */,
				463EBFC624EA984900FE79CC /* CarsVC.swift */,
				463EBFC824EA985700FE79CC /* AppointmentsVC.swift */,
			);
			path = Screens;
			sourceTree = "<group>";
		};
		463AE4F624EAA3FB008EE99D /* TabBarController */ = {
			isa = PBXGroup;
			children = (
				463EBFCA24EA9CCB00FE79CC /* CSATabBarController.swift */,
			);
			path = TabBarController;
			sourceTree = "<group>";
		};
		463AE4F724EAA40F008EE99D /* Helpers */ = {
			isa = PBXGroup;
			children = (
				463EBFCC24EA9DC800FE79CC /* Constants.swift */,
			);
			path = Helpers;
			sourceTree = "<group>";
		};
		463AE4F824EAA415008EE99D /* Supporting Files */ = {
			isa = PBXGroup;
			children = (
				463EBFA224EA97E300FE79CC /* AppDelegate.swift */,
				463EBFA424EA97E300FE79CC /* SceneDelegate.swift */,
				463EBFAB24EA97E600FE79CC /* Assets.xcassets */,
				463EBFAD24EA97E600FE79CC /* LaunchScreen.storyboard */,
			);
			path = "Supporting Files";
			sourceTree = "<group>";
		};
		463EBF9624EA97E300FE79CC = {
			isa = PBXGroup;
			children = (
				463EBFA124EA97E300FE79CC /* Car Sevice Manager App */,
				463EBFB824EA97E600FE79CC /* Car Sevice Manager AppTests */,
				463EBFA024EA97E300FE79CC /* Products */,
				5B62BEBC204D4F48031FBCA1 /* Pods */,
				86A48C0F74652B555BD032BE /* Frameworks */,
			);
			sourceTree = "<group>";
		};
		463EBFA024EA97E300FE79CC /* Products */ = {
			isa = PBXGroup;
			children = (
				463EBF9F24EA97E300FE79CC /* Car Sevice Manager App.app */,
				463EBFB524EA97E600FE79CC /* Car Sevice Manager AppTests.xctest */,
			);
			name = Products;
			sourceTree = "<group>";
		};
		463EBFA124EA97E300FE79CC /* Car Sevice Manager App */ = {
			isa = PBXGroup;
			children = (
				463AE4F824EAA415008EE99D /* Supporting Files */,
				463AE4F524EAA3F4008EE99D /* Screens */,
				463AE4F624EAA3FB008EE99D /* TabBarController */,
				463AE4F724EAA40F008EE99D /* Helpers */,
				463EBFB024EA97E600FE79CC /* Info.plist */,
				46AE493C24EBC84F003E9EE2 /* GoogleService-Info.plist */,
				46AE493324EBC1FF003E9EE2 /* Cells */,
				46AE493424EBC2CC003E9EE2 /* CSATitleLabel.swift */,
				46AE493624EBC2FB003E9EE2 /* CSASecondaryLabel.swift */,
				46AE494324EBDC93003E9EE2 /* CSAFootnoteLabel.swift */,
				46AE494224EBD847003E9EE2 /* Model */,
				46AE493A24EBC62A003E9EE2 /* FirestoreManager.swift */,
				46AE493E24EBCA08003E9EE2 /* UIViewControler+Ext.swift */,
			);
			path = "Car Sevice Manager App";
			sourceTree = "<group>";
		};
		463EBFB824EA97E600FE79CC /* Car Sevice Manager AppTests */ = {
			isa = PBXGroup;
			children = (
				463EBFB924EA97E600FE79CC /* Car_Sevice_Manager_AppTests.swift */,
				463EBFBB24EA97E600FE79CC /* Info.plist */,
			);
			path = "Car Sevice Manager AppTests";
			sourceTree = "<group>";
		};
		46AE493324EBC1FF003E9EE2 /* Cells */ = {
			isa = PBXGroup;
			children = (
				46AE492D24EBC1E2003E9EE2 /* UserCell.swift */,
				46AE492F24EBC1EE003E9EE2 /* CarCell.swift */,
				46AE493124EBC1FC003E9EE2 /* AppointmentCell.swift */,
			);
			path = Cells;
			sourceTree = "<group>";
		};
		46AE494224EBD847003E9EE2 /* Model */ = {
			isa = PBXGroup;
			children = (
				46AE493824EBC5DE003E9EE2 /* User.swift */,
				46AE494024EBD7F3003E9EE2 /* Car.swift */,
			);
			path = Model;
			sourceTree = "<group>";
		};
		5B62BEBC204D4F48031FBCA1 /* Pods */ = {
			isa = PBXGroup;
			children = (
				11B85BF8881297C3DAC953B6 /* Pods-Car Sevice Manager App.debug.xcconfig */,
				E96868043BFCA2D1AEB54082 /* Pods-Car Sevice Manager App.release.xcconfig */,
				491EED5513B8CEA8232D78A8 /* Pods-Car Sevice Manager AppTests.debug.xcconfig */,
				09F65ECB981BB942BBA40E35 /* Pods-Car Sevice Manager AppTests.release.xcconfig */,
			);
			path = Pods;
			sourceTree = "<group>";
		};
		86A48C0F74652B555BD032BE /* Frameworks */ = {
			isa = PBXGroup;
			children = (
				39DE7AE90ECD3CCFA1D8B516 /* Pods_Car_Sevice_Manager_App.framework */,
				AA0B3F8EB3D763E4275177DC /* Pods_Car_Sevice_Manager_AppTests.framework */,
			);
			name = Frameworks;
			sourceTree = "<group>";
		};
/* End PBXGroup section */

/* Begin PBXNativeTarget section */
		463EBF9E24EA97E300FE79CC /* Car Sevice Manager App */ = {
			isa = PBXNativeTarget;
			buildConfigurationList = 463EBFBE24EA97E600FE79CC /* Build configuration list for PBXNativeTarget "Car Sevice Manager App" */;
			buildPhases = (
				A7088D500BAA4F7BF2374ED7 /* [CP] Check Pods Manifest.lock */,
				463EBF9B24EA97E300FE79CC /* Sources */,
				463EBF9C24EA97E300FE79CC /* Frameworks */,
				463EBF9D24EA97E300FE79CC /* Resources */,
				B8F7247B078CF6E990C96DBD /* [CP] Embed Pods Frameworks */,
			);
			buildRules = (
			);
			dependencies = (
			);
			name = "Car Sevice Manager App";
			productName = "Car Sevice Manager App";
			productReference = 463EBF9F24EA97E300FE79CC /* Car Sevice Manager App.app */;
			productType = "com.apple.product-type.application";
		};
		463EBFB424EA97E600FE79CC /* Car Sevice Manager AppTests */ = {
			isa = PBXNativeTarget;
			buildConfigurationList = 463EBFC124EA97E600FE79CC /* Build configuration list for PBXNativeTarget "Car Sevice Manager AppTests" */;
			buildPhases = (
				11EDBCB3765C2A2921A2C16C /* [CP] Check Pods Manifest.lock */,
				463EBFB124EA97E600FE79CC /* Sources */,
				463EBFB224EA97E600FE79CC /* Frameworks */,
				463EBFB324EA97E600FE79CC /* Resources */,
			);
			buildRules = (
			);
			dependencies = (
				463EBFB724EA97E600FE79CC /* PBXTargetDependency */,
			);
			name = "Car Sevice Manager AppTests";
			productName = "Car Sevice Manager AppTests";
			productReference = 463EBFB524EA97E600FE79CC /* Car Sevice Manager AppTests.xctest */;
			productType = "com.apple.product-type.bundle.unit-test";
		};
/* End PBXNativeTarget section */

/* Begin PBXProject section */
		463EBF9724EA97E300FE79CC /* Project object */ = {
			isa = PBXProject;
			attributes = {
				LastSwiftUpdateCheck = 1160;
				LastUpgradeCheck = 1160;
				ORGANIZATIONNAME = "Murat Baykor";
				TargetAttributes = {
					463EBF9E24EA97E300FE79CC = {
						CreatedOnToolsVersion = 11.6;
					};
					463EBFB424EA97E600FE79CC = {
						CreatedOnToolsVersion = 11.6;
						TestTargetID = 463EBF9E24EA97E300FE79CC;
					};
				};
			};
			buildConfigurationList = 463EBF9A24EA97E300FE79CC /* Build configuration list for PBXProject "Car Sevice Manager App" */;
			compatibilityVersion = "Xcode 9.3";
			developmentRegion = en;
			hasScannedForEncodings = 0;
			knownRegions = (
				en,
				Base,
			);
			mainGroup = 463EBF9624EA97E300FE79CC;
			productRefGroup = 463EBFA024EA97E300FE79CC /* Products */;
			projectDirPath = "";
			projectRoot = "";
			targets = (
				463EBF9E24EA97E300FE79CC /* Car Sevice Manager App */,
				463EBFB424EA97E600FE79CC /* Car Sevice Manager AppTests */,
			);
		};
/* End PBXProject section */

/* Begin PBXResourcesBuildPhase section */
		463EBF9D24EA97E300FE79CC /* Resources */ = {
			isa = PBXResourcesBuildPhase;
			buildActionMask = 2147483647;
			files = (
				463EBFAF24EA97E600FE79CC /* LaunchScreen.storyboard in Resources */,
				463EBFAC24EA97E600FE79CC /* Assets.xcassets in Resources */,
				46AE493D24EBC84F003E9EE2 /* GoogleService-Info.plist in Resources */,
			);
			runOnlyForDeploymentPostprocessing = 0;
		};
		463EBFB324EA97E600FE79CC /* Resources */ = {
			isa = PBXResourcesBuildPhase;
			buildActionMask = 2147483647;
			files = (
			);
			runOnlyForDeploymentPostprocessing = 0;
		};
/* End PBXResourcesBuildPhase section */

/* Begin PBXShellScriptBuildPhase section */
		11EDBCB3765C2A2921A2C16C /* [CP] Check Pods Manifest.lock */ = {
			isa = PBXShellScriptBuildPhase;
			buildActionMask = 2147483647;
			files = (
			);
			inputFileListPaths = (
			);
			inputPaths = (
				"${PODS_PODFILE_DIR_PATH}/Podfile.lock",
				"${PODS_ROOT}/Manifest.lock",
			);
			name = "[CP] Check Pods Manifest.lock";
			outputFileListPaths = (
			);
			outputPaths = (
				"$(DERIVED_FILE_DIR)/Pods-Car Sevice Manager AppTests-checkManifestLockResult.txt",
			);
			runOnlyForDeploymentPostprocessing = 0;
			shellPath = /bin/sh;
			shellScript = "diff \"${PODS_PODFILE_DIR_PATH}/Podfile.lock\" \"${PODS_ROOT}/Manifest.lock\" > /dev/null\nif [ $? != 0 ] ; then\n    # print error to STDERR\n    echo \"error: The sandbox is not in sync with the Podfile.lock. Run 'pod install' or update your CocoaPods installation.\" >&2\n    exit 1\nfi\n# This output is used by Xcode 'outputs' to avoid re-running this script phase.\necho \"SUCCESS\" > \"${SCRIPT_OUTPUT_FILE_0}\"\n";
			showEnvVarsInLog = 0;
		};
		A7088D500BAA4F7BF2374ED7 /* [CP] Check Pods Manifest.lock */ = {
			isa = PBXShellScriptBuildPhase;
			buildActionMask = 2147483647;
			files = (
			);
			inputFileListPaths = (
			);
			inputPaths = (
				"${PODS_PODFILE_DIR_PATH}/Podfile.lock",
				"${PODS_ROOT}/Manifest.lock",
			);
			name = "[CP] Check Pods Manifest.lock";
			outputFileListPaths = (
			);
			outputPaths = (
				"$(DERIVED_FILE_DIR)/Pods-Car Sevice Manager App-checkManifestLockResult.txt",
			);
			runOnlyForDeploymentPostprocessing = 0;
			shellPath = /bin/sh;
			shellScript = "diff \"${PODS_PODFILE_DIR_PATH}/Podfile.lock\" \"${PODS_ROOT}/Manifest.lock\" > /dev/null\nif [ $? != 0 ] ; then\n    # print error to STDERR\n    echo \"error: The sandbox is not in sync with the Podfile.lock. Run 'pod install' or update your CocoaPods installation.\" >&2\n    exit 1\nfi\n# This output is used by Xcode 'outputs' to avoid re-running this script phase.\necho \"SUCCESS\" > \"${SCRIPT_OUTPUT_FILE_0}\"\n";
			showEnvVarsInLog = 0;
		};
		B8F7247B078CF6E990C96DBD /* [CP] Embed Pods Frameworks */ = {
			isa = PBXShellScriptBuildPhase;
			buildActionMask = 2147483647;
			files = (
			);
			inputFileListPaths = (
				"${PODS_ROOT}/Target Support Files/Pods-Car Sevice Manager App/Pods-Car Sevice Manager App-frameworks-${CONFIGURATION}-input-files.xcfilelist",
			);
			name = "[CP] Embed Pods Frameworks";
			outputFileListPaths = (
				"${PODS_ROOT}/Target Support Files/Pods-Car Sevice Manager App/Pods-Car Sevice Manager App-frameworks-${CONFIGURATION}-output-files.xcfilelist",
			);
			runOnlyForDeploymentPostprocessing = 0;
			shellPath = /bin/sh;
			shellScript = "\"${PODS_ROOT}/Target Support Files/Pods-Car Sevice Manager App/Pods-Car Sevice Manager App-frameworks.sh\"\n";
			showEnvVarsInLog = 0;
		};
/* End PBXShellScriptBuildPhase section */

/* Begin PBXSourcesBuildPhase section */
		463EBF9B24EA97E300FE79CC /* Sources */ = {
			isa = PBXSourcesBuildPhase;
			buildActionMask = 2147483647;
			files = (
				46AE493F24EBCA08003E9EE2 /* UIViewControler+Ext.swift in Sources */,
				46AE493924EBC5DE003E9EE2 /* User.swift in Sources */,
				46AE493B24EBC62A003E9EE2 /* FirestoreManager.swift in Sources */,
				46AE492E24EBC1E2003E9EE2 /* UserCell.swift in Sources */,
				46AE494424EBDC93003E9EE2 /* CSAFootnoteLabel.swift in Sources */,
				46AE493724EBC2FB003E9EE2 /* CSASecondaryLabel.swift in Sources */,
				463EBFA324EA97E300FE79CC /* AppDelegate.swift in Sources */,
				46AE493524EBC2CC003E9EE2 /* CSATitleLabel.swift in Sources */,
				46AE493224EBC1FC003E9EE2 /* AppointmentCell.swift in Sources */,
				463EBFC924EA985700FE79CC /* AppointmentsVC.swift in Sources */,
				46AE493024EBC1EE003E9EE2 /* CarCell.swift in Sources */,
				46AE494124EBD7F3003E9EE2 /* Car.swift in Sources */,
				463EBFA524EA97E300FE79CC /* SceneDelegate.swift in Sources */,
				463EBFCB24EA9CCB00FE79CC /* CSATabBarController.swift in Sources */,
				463EBFC524EA983D00FE79CC /* UsersVC.swift in Sources */,
				463EBFC724EA984900FE79CC /* CarsVC.swift in Sources */,
				463EBFCD24EA9DC800FE79CC /* Constants.swift in Sources */,
			);
			runOnlyForDeploymentPostprocessing = 0;
		};
		463EBFB124EA97E600FE79CC /* Sources */ = {
			isa = PBXSourcesBuildPhase;
			buildActionMask = 2147483647;
			files = (
				463EBFBA24EA97E600FE79CC /* Car_Sevice_Manager_AppTests.swift in Sources */,
			);
			runOnlyForDeploymentPostprocessing = 0;
		};
/* End PBXSourcesBuildPhase section */

/* Begin PBXTargetDependency section */
		463EBFB724EA97E600FE79CC /* PBXTargetDependency */ = {
			isa = PBXTargetDependency;
			target = 463EBF9E24EA97E300FE79CC /* Car Sevice Manager App */;
			targetProxy = 463EBFB624EA97E600FE79CC /* PBXContainerItemProxy */;
		};
/* End PBXTargetDependency section */

/* Begin PBXVariantGroup section */
		463EBFAD24EA97E600FE79CC /* LaunchScreen.storyboard */ = {
			isa = PBXVariantGroup;
			children = (
				463EBFAE24EA97E600FE79CC /* Base */,
			);
			name = LaunchScreen.storyboard;
			sourceTree = "<group>";
		};
/* End PBXVariantGroup section */

/* Begin XCBuildConfiguration section */
		463EBFBC24EA97E600FE79CC /* Debug */ = {
			isa = XCBuildConfiguration;
			buildSettings = {
				ALWAYS_SEARCH_USER_PATHS = NO;
				CLANG_ANALYZER_NONNULL = YES;
				CLANG_ANALYZER_NUMBER_OBJECT_CONVERSION = YES_AGGRESSIVE;
				CLANG_CXX_LANGUAGE_STANDARD = "gnu++14";
				CLANG_CXX_LIBRARY = "libc++";
				CLANG_ENABLE_MODULES = YES;
				CLANG_ENABLE_OBJC_ARC = YES;
				CLANG_ENABLE_OBJC_WEAK = YES;
				CLANG_WARN_BLOCK_CAPTURE_AUTORELEASING = YES;
				CLANG_WARN_BOOL_CONVERSION = YES;
				CLANG_WARN_COMMA = YES;
				CLANG_WARN_CONSTANT_CONVERSION = YES;
				CLANG_WARN_DEPRECATED_OBJC_IMPLEMENTATIONS = YES;
				CLANG_WARN_DIRECT_OBJC_ISA_USAGE = YES_ERROR;
				CLANG_WARN_DOCUMENTATION_COMMENTS = YES;
				CLANG_WARN_EMPTY_BODY = YES;
				CLANG_WARN_ENUM_CONVERSION = YES;
				CLANG_WARN_INFINITE_RECURSION = YES;
				CLANG_WARN_INT_CONVERSION = YES;
				CLANG_WARN_NON_LITERAL_NULL_CONVERSION = YES;
				CLANG_WARN_OBJC_IMPLICIT_RETAIN_SELF = YES;
				CLANG_WARN_OBJC_LITERAL_CONVERSION = YES;
				CLANG_WARN_OBJC_ROOT_CLASS = YES_ERROR;
				CLANG_WARN_RANGE_LOOP_ANALYSIS = YES;
				CLANG_WARN_STRICT_PROTOTYPES = YES;
				CLANG_WARN_SUSPICIOUS_MOVE = YES;
				CLANG_WARN_UNGUARDED_AVAILABILITY = YES_AGGRESSIVE;
				CLANG_WARN_UNREACHABLE_CODE = YES;
				CLANG_WARN__DUPLICATE_METHOD_MATCH = YES;
				COPY_PHASE_STRIP = NO;
				DEBUG_INFORMATION_FORMAT = dwarf;
				ENABLE_STRICT_OBJC_MSGSEND = YES;
				ENABLE_TESTABILITY = YES;
				GCC_C_LANGUAGE_STANDARD = gnu11;
				GCC_DYNAMIC_NO_PIC = NO;
				GCC_NO_COMMON_BLOCKS = YES;
				GCC_OPTIMIZATION_LEVEL = 0;
				GCC_PREPROCESSOR_DEFINITIONS = (
					"DEBUG=1",
					"$(inherited)",
				);
				GCC_WARN_64_TO_32_BIT_CONVERSION = YES;
				GCC_WARN_ABOUT_RETURN_TYPE = YES_ERROR;
				GCC_WARN_UNDECLARED_SELECTOR = YES;
				GCC_WARN_UNINITIALIZED_AUTOS = YES_AGGRESSIVE;
				GCC_WARN_UNUSED_FUNCTION = YES;
				GCC_WARN_UNUSED_VARIABLE = YES;
				IPHONEOS_DEPLOYMENT_TARGET = 13.6;
				MTL_ENABLE_DEBUG_INFO = INCLUDE_SOURCE;
				MTL_FAST_MATH = YES;
				ONLY_ACTIVE_ARCH = YES;
				SDKROOT = iphoneos;
				SWIFT_ACTIVE_COMPILATION_CONDITIONS = DEBUG;
				SWIFT_OPTIMIZATION_LEVEL = "-Onone";
			};
			name = Debug;
		};
		463EBFBD24EA97E600FE79CC /* Release */ = {
			isa = XCBuildConfiguration;
			buildSettings = {
				ALWAYS_SEARCH_USER_PATHS = NO;
				CLANG_ANALYZER_NONNULL = YES;
				CLANG_ANALYZER_NUMBER_OBJECT_CONVERSION = YES_AGGRESSIVE;
				CLANG_CXX_LANGUAGE_STANDARD = "gnu++14";
				CLANG_CXX_LIBRARY = "libc++";
				CLANG_ENABLE_MODULES = YES;
				CLANG_ENABLE_OBJC_ARC = YES;
				CLANG_ENABLE_OBJC_WEAK = YES;
				CLANG_WARN_BLOCK_CAPTURE_AUTORELEASING = YES;
				CLANG_WARN_BOOL_CONVERSION = YES;
				CLANG_WARN_COMMA = YES;
				CLANG_WARN_CONSTANT_CONVERSION = YES;
				CLANG_WARN_DEPRECATED_OBJC_IMPLEMENTATIONS = YES;
				CLANG_WARN_DIRECT_OBJC_ISA_USAGE = YES_ERROR;
				CLANG_WARN_DOCUMENTATION_COMMENTS = YES;
				CLANG_WARN_EMPTY_BODY = YES;
				CLANG_WARN_ENUM_CONVERSION = YES;
				CLANG_WARN_INFINITE_RECURSION = YES;
				CLANG_WARN_INT_CONVERSION = YES;
				CLANG_WARN_NON_LITERAL_NULL_CONVERSION = YES;
				CLANG_WARN_OBJC_IMPLICIT_RETAIN_SELF = YES;
				CLANG_WARN_OBJC_LITERAL_CONVERSION = YES;
				CLANG_WARN_OBJC_ROOT_CLASS = YES_ERROR;
				CLANG_WARN_RANGE_LOOP_ANALYSIS = YES;
				CLANG_WARN_STRICT_PROTOTYPES = YES;
				CLANG_WARN_SUSPICIOUS_MOVE = YES;
				CLANG_WARN_UNGUARDED_AVAILABILITY = YES_AGGRESSIVE;
				CLANG_WARN_UNREACHABLE_CODE = YES;
				CLANG_WARN__DUPLICATE_METHOD_MATCH = YES;
				COPY_PHASE_STRIP = NO;
				DEBUG_INFORMATION_FORMAT = "dwarf-with-dsym";
				ENABLE_NS_ASSERTIONS = NO;
				ENABLE_STRICT_OBJC_MSGSEND = YES;
				GCC_C_LANGUAGE_STANDARD = gnu11;
				GCC_NO_COMMON_BLOCKS = YES;
				GCC_WARN_64_TO_32_BIT_CONVERSION = YES;
				GCC_WARN_ABOUT_RETURN_TYPE = YES_ERROR;
				GCC_WARN_UNDECLARED_SELECTOR = YES;
				GCC_WARN_UNINITIALIZED_AUTOS = YES_AGGRESSIVE;
				GCC_WARN_UNUSED_FUNCTION = YES;
				GCC_WARN_UNUSED_VARIABLE = YES;
				IPHONEOS_DEPLOYMENT_TARGET = 13.6;
				MTL_ENABLE_DEBUG_INFO = NO;
				MTL_FAST_MATH = YES;
				SDKROOT = iphoneos;
				SWIFT_COMPILATION_MODE = wholemodule;
				SWIFT_OPTIMIZATION_LEVEL = "-O";
				VALIDATE_PRODUCT = YES;
			};
			name = Release;
		};
		463EBFBF24EA97E600FE79CC /* Debug */ = {
			isa = XCBuildConfiguration;
			baseConfigurationReference = 11B85BF8881297C3DAC953B6 /* Pods-Car Sevice Manager App.debug.xcconfig */;
			buildSettings = {
				ASSETCATALOG_COMPILER_APPICON_NAME = AppIcon;
				CODE_SIGN_STYLE = Automatic;
				DEVELOPMENT_TEAM = 3FP28BF586;
				INFOPLIST_FILE = "Car Sevice Manager App/Info.plist";
				IPHONEOS_DEPLOYMENT_TARGET = 13.6;
				LD_RUNPATH_SEARCH_PATHS = (
					"$(inherited)",
					"@executable_path/Frameworks",
				);
				PRODUCT_BUNDLE_IDENTIFIER = "com.foytingo.Car-Sevice-Manager-App";
				PRODUCT_NAME = "$(TARGET_NAME)";
				SWIFT_VERSION = 5.0;
				TARGETED_DEVICE_FAMILY = 2;
			};
			name = Debug;
		};
		463EBFC024EA97E600FE79CC /* Release */ = {
			isa = XCBuildConfiguration;
			baseConfigurationReference = E96868043BFCA2D1AEB54082 /* Pods-Car Sevice Manager App.release.xcconfig */;
			buildSettings = {
				ASSETCATALOG_COMPILER_APPICON_NAME = AppIcon;
				CODE_SIGN_STYLE = Automatic;
				DEVELOPMENT_TEAM = 3FP28BF586;
				INFOPLIST_FILE = "Car Sevice Manager App/Info.plist";
				IPHONEOS_DEPLOYMENT_TARGET = 13.6;
				LD_RUNPATH_SEARCH_PATHS = (
					"$(inherited)",
					"@executable_path/Frameworks",
				);
				PRODUCT_BUNDLE_IDENTIFIER = "com.foytingo.Car-Sevice-Manager-App";
				PRODUCT_NAME = "$(TARGET_NAME)";
				SWIFT_VERSION = 5.0;
				TARGETED_DEVICE_FAMILY = 2;
			};
			name = Release;
		};
		463EBFC224EA97E600FE79CC /* Debug */ = {
			isa = XCBuildConfiguration;
			baseConfigurationReference = 491EED5513B8CEA8232D78A8 /* Pods-Car Sevice Manager AppTests.debug.xcconfig */;
			buildSettings = {
				ALWAYS_EMBED_SWIFT_STANDARD_LIBRARIES = YES;
				BUNDLE_LOADER = "$(TEST_HOST)";
				CODE_SIGN_STYLE = Automatic;
				DEVELOPMENT_TEAM = 3FP28BF586;
				INFOPLIST_FILE = "Car Sevice Manager AppTests/Info.plist";
				IPHONEOS_DEPLOYMENT_TARGET = 13.6;
				LD_RUNPATH_SEARCH_PATHS = (
					"$(inherited)",
					"@executable_path/Frameworks",
					"@loader_path/Frameworks",
				);
				PRODUCT_BUNDLE_IDENTIFIER = "com.foytingo.Car-Sevice-Manager-AppTests";
				PRODUCT_NAME = "$(TARGET_NAME)";
				SWIFT_VERSION = 5.0;
				TARGETED_DEVICE_FAMILY = "1,2";
				TEST_HOST = "$(BUILT_PRODUCTS_DIR)/Car Sevice Manager App.app/Car Sevice Manager App";
			};
			name = Debug;
		};
		463EBFC324EA97E600FE79CC /* Release */ = {
			isa = XCBuildConfiguration;
			baseConfigurationReference = 09F65ECB981BB942BBA40E35 /* Pods-Car Sevice Manager AppTests.release.xcconfig */;
			buildSettings = {
				ALWAYS_EMBED_SWIFT_STANDARD_LIBRARIES = YES;
				BUNDLE_LOADER = "$(TEST_HOST)";
				CODE_SIGN_STYLE = Automatic;
				DEVELOPMENT_TEAM = 3FP28BF586;
				INFOPLIST_FILE = "Car Sevice Manager AppTests/Info.plist";
				IPHONEOS_DEPLOYMENT_TARGET = 13.6;
				LD_RUNPATH_SEARCH_PATHS = (
					"$(inherited)",
					"@executable_path/Frameworks",
					"@loader_path/Frameworks",
				);
				PRODUCT_BUNDLE_IDENTIFIER = "com.foytingo.Car-Sevice-Manager-AppTests";
				PRODUCT_NAME = "$(TARGET_NAME)";
				SWIFT_VERSION = 5.0;
				TARGETED_DEVICE_FAMILY = "1,2";
				TEST_HOST = "$(BUILT_PRODUCTS_DIR)/Car Sevice Manager App.app/Car Sevice Manager App";
			};
			name = Release;
		};
/* End XCBuildConfiguration section */

/* Begin XCConfigurationList section */
		463EBF9A24EA97E300FE79CC /* Build configuration list for PBXProject "Car Sevice Manager App" */ = {
			isa = XCConfigurationList;
			buildConfigurations = (
				463EBFBC24EA97E600FE79CC /* Debug */,
				463EBFBD24EA97E600FE79CC /* Release */,
			);
			defaultConfigurationIsVisible = 0;
			defaultConfigurationName = Release;
		};
		463EBFBE24EA97E600FE79CC /* Build configuration list for PBXNativeTarget "Car Sevice Manager App" */ = {
			isa = XCConfigurationList;
			buildConfigurations = (
				463EBFBF24EA97E600FE79CC /* Debug */,
				463EBFC024EA97E600FE79CC /* Release */,
			);
			defaultConfigurationIsVisible = 0;
			defaultConfigurationName = Release;
		};
		463EBFC124EA97E600FE79CC /* Build configuration list for PBXNativeTarget "Car Sevice Manager AppTests" */ = {
			isa = XCConfigurationList;
			buildConfigurations = (
				463EBFC224EA97E600FE79CC /* Debug */,
				463EBFC324EA97E600FE79CC /* Release */,
			);
			defaultConfigurationIsVisible = 0;
			defaultConfigurationName = Release;
		};
/* End XCConfigurationList section */
	};
	rootObject = 463EBF9724EA97E300FE79CC /* Project object */;
}
